
Microsoft Visual Studio Solution File, Format Version 12.00
# Visual Studio Version 17
VisualStudioVersion = 17.14.36603.0 d17.14
MinimumVisualStudioVersion = 10.0.40219.1
Project("{FAE04EC0-301F-11D3-BF4B-00C04F79EFBC}") = "sipariş uygulaması", "sipariş uygulaması.csproj", "{99585A08-1693-44B9-B419-46FF36E2C3DE}"
EndProject
Global
	GlobalSection(SolutionConfigurationPlatforms) = preSolution
		Debug|Any CPU = Debug|Any CPU
		Release|Any CPU = Release|Any CPU
	EndGlobalSection
	GlobalSection(ProjectConfigurationPlatforms) = postSolution
		{99585A08-1693-44B9-B419-46FF36E2C3DE}.Debug|Any CPU.ActiveCfg = Debug|Any CPU
		{99585A08-1693-44B9-B419-46FF36E2C3DE}.Debug|Any CPU.Build.0 = Debug|Any CPU
		{99585A08-1693-44B9-B419-46FF36E2C3DE}.Release|Any CPU.ActiveCfg = Release|Any CPU
		{99585A08-1693-44B9-B419-46FF36E2C3DE}.Release|Any CPU.Build.0 = Release|Any CPU
	EndGlobalSection
	GlobalSection(SolutionProperties) = preSolution
		HideSolutionNode = FALSE
	EndGlobalSection
	GlobalSection(ExtensibilityGlobals) = postSolution
		SolutionGuid = {622994E7-9F99-484F-AF4A-D86B64790E93}
	EndGlobalSection
EndGlobal
